// !$*UTF8*$!
{
	archiveVersion = 1;
	classes = {
	};
	objectVersion = 50;
	objects = {

/* Begin PBXBuildFile section */
		535E2C6422800EA600B47503 /* SetCardView.swift in Sources */ = {isa = PBXBuildFile; fileRef = 535E2C6322800EA600B47503 /* SetCardView.swift */; };
		535E2C6C2280C1BA00B47503 /* SetCardCollectionViewCell.swift in Sources */ = {isa = PBXBuildFile; fileRef = 535E2C6B2280C1BA00B47503 /* SetCardCollectionViewCell.swift */; };
		535E2C6E2280C6B600B47503 /* GridFlowLayout.swift in Sources */ = {isa = PBXBuildFile; fileRef = 535E2C6D2280C6B600B47503 /* GridFlowLayout.swift */; };
		535E2C7322814DF600B47503 /* SelectedSet.png in Resources */ = {isa = PBXBuildFile; fileRef = 535E2C6F22814DF600B47503 /* SelectedSet.png */; };
		535E2C7422814DF600B47503 /* ManyCards.png in Resources */ = {isa = PBXBuildFile; fileRef = 535E2C7022814DF600B47503 /* ManyCards.png */; };
		535E2C7522814DF600B47503 /* NewGame.png in Resources */ = {isa = PBXBuildFile; fileRef = 535E2C7122814DF600B47503 /* NewGame.png */; };
		535E2C7622814DF600B47503 /* ScoreUpdate.png in Resources */ = {isa = PBXBuildFile; fileRef = 535E2C7222814DF600B47503 /* ScoreUpdate.png */; };
		53B7F18B22B96D6900B7B627 /* MenuViewController.swift in Sources */ = {isa = PBXBuildFile; fileRef = 53B7F18A22B96D6900B7B627 /* MenuViewController.swift */; };
		53B7F18F22B9846800B7B627 /* SignInViewController.swift in Sources */ = {isa = PBXBuildFile; fileRef = 53B7F18E22B9846800B7B627 /* SignInViewController.swift */; };
		53B7F19122B9847700B7B627 /* SignUpViewController.swift in Sources */ = {isa = PBXBuildFile; fileRef = 53B7F19022B9847700B7B627 /* SignUpViewController.swift */; };
		53B7F19322B984CB00B7B627 /* WelcomeViewController.swift in Sources */ = {isa = PBXBuildFile; fileRef = 53B7F19222B984CB00B7B627 /* WelcomeViewController.swift */; };
		53B7F19522B9C10A00B7B627 /* ReplaceSegue.swift in Sources */ = {isa = PBXBuildFile; fileRef = 53B7F19422B9C10A00B7B627 /* ReplaceSegue.swift */; };
		53D6FB94227CE06400682D36 /* AppDelegate.swift in Sources */ = {isa = PBXBuildFile; fileRef = 53D6FB93227CE06400682D36 /* AppDelegate.swift */; };
		53D6FB96227CE06400682D36 /* ViewController.swift in Sources */ = {isa = PBXBuildFile; fileRef = 53D6FB95227CE06400682D36 /* ViewController.swift */; };
		53D6FB99227CE06400682D36 /* Main.storyboard in Resources */ = {isa = PBXBuildFile; fileRef = 53D6FB97227CE06400682D36 /* Main.storyboard */; };
		53D6FB9B227CE06500682D36 /* Assets.xcassets in Resources */ = {isa = PBXBuildFile; fileRef = 53D6FB9A227CE06500682D36 /* Assets.xcassets */; };
		53D6FB9E227CE06500682D36 /* LaunchScreen.storyboard in Resources */ = {isa = PBXBuildFile; fileRef = 53D6FB9C227CE06500682D36 /* LaunchScreen.storyboard */; };
		53D6FBA8227CE0BE00682D36 /* Card.swift in Sources */ = {isa = PBXBuildFile; fileRef = 53D6FBA7227CE0BE00682D36 /* Card.swift */; };
		53D6FBAA227CE30600682D36 /* Set.swift in Sources */ = {isa = PBXBuildFile; fileRef = 53D6FBA9227CE30600682D36 /* Set.swift */; };
/* End PBXBuildFile section */

/* Begin PBXFileReference section */
		535E2C6322800EA600B47503 /* SetCardView.swift */ = {isa = PBXFileReference; lastKnownFileType = sourcecode.swift; path = SetCardView.swift; sourceTree = "<group>"; };
		535E2C6B2280C1BA00B47503 /* SetCardCollectionViewCell.swift */ = {isa = PBXFileReference; lastKnownFileType = sourcecode.swift; path = SetCardCollectionViewCell.swift; sourceTree = "<group>"; };
		535E2C6D2280C6B600B47503 /* GridFlowLayout.swift */ = {isa = PBXFileReference; lastKnownFileType = sourcecode.swift; path = GridFlowLayout.swift; sourceTree = "<group>"; };
		535E2C6F22814DF600B47503 /* SelectedSet.png */ = {isa = PBXFileReference; lastKnownFileType = image.png; path = SelectedSet.png; sourceTree = "<group>"; };
		535E2C7022814DF600B47503 /* ManyCards.png */ = {isa = PBXFileReference; lastKnownFileType = image.png; path = ManyCards.png; sourceTree = "<group>"; };
		535E2C7122814DF600B47503 /* NewGame.png */ = {isa = PBXFileReference; lastKnownFileType = image.png; path = NewGame.png; sourceTree = "<group>"; };
		535E2C7222814DF600B47503 /* ScoreUpdate.png */ = {isa = PBXFileReference; lastKnownFileType = image.png; path = ScoreUpdate.png; sourceTree = "<group>"; };
		53B7F18A22B96D6900B7B627 /* MenuViewController.swift */ = {isa = PBXFileReference; lastKnownFileType = sourcecode.swift; path = MenuViewController.swift; sourceTree = "<group>"; };
		53B7F18E22B9846800B7B627 /* SignInViewController.swift */ = {isa = PBXFileReference; lastKnownFileType = sourcecode.swift; path = SignInViewController.swift; sourceTree = "<group>"; };
		53B7F19022B9847700B7B627 /* SignUpViewController.swift */ = {isa = PBXFileReference; lastKnownFileType = sourcecode.swift; path = SignUpViewController.swift; sourceTree = "<group>"; };
		53B7F19222B984CB00B7B627 /* WelcomeViewController.swift */ = {isa = PBXFileReference; lastKnownFileType = sourcecode.swift; path = WelcomeViewController.swift; sourceTree = "<group>"; };
		53B7F19422B9C10A00B7B627 /* ReplaceSegue.swift */ = {isa = PBXFileReference; lastKnownFileType = sourcecode.swift; path = ReplaceSegue.swift; sourceTree = "<group>"; };
		53D6FB90227CE06400682D36 /* SetGame.app */ = {isa = PBXFileReference; explicitFileType = wrapper.application; includeInIndex = 0; path = SetGame.app; sourceTree = BUILT_PRODUCTS_DIR; };
		53D6FB93227CE06400682D36 /* AppDelegate.swift */ = {isa = PBXFileReference; lastKnownFileType = sourcecode.swift; path = AppDelegate.swift; sourceTree = "<group>"; };
		53D6FB95227CE06400682D36 /* ViewController.swift */ = {isa = PBXFileReference; lastKnownFileType = sourcecode.swift; path = ViewController.swift; sourceTree = "<group>"; };
		53D6FB98227CE06400682D36 /* Base */ = {isa = PBXFileReference; lastKnownFileType = file.storyboard; name = Base; path = Base.lproj/Main.storyboard; sourceTree = "<group>"; };
		53D6FB9A227CE06500682D36 /* Assets.xcassets */ = {isa = PBXFileReference; lastKnownFileType = folder.assetcatalog; path = Assets.xcassets; sourceTree = "<group>"; };
		53D6FB9D227CE06500682D36 /* Base */ = {isa = PBXFileReference; lastKnownFileType = file.storyboard; name = Base; path = Base.lproj/LaunchScreen.storyboard; sourceTree = "<group>"; };
		53D6FB9F227CE06500682D36 /* Info.plist */ = {isa = PBXFileReference; lastKnownFileType = text.plist.xml; path = Info.plist; sourceTree = "<group>"; };
		53D6FBA7227CE0BE00682D36 /* Card.swift */ = {isa = PBXFileReference; lastKnownFileType = sourcecode.swift; path = Card.swift; sourceTree = "<group>"; };
		53D6FBA9227CE30600682D36 /* Set.swift */ = {isa = PBXFileReference; lastKnownFileType = sourcecode.swift; path = Set.swift; sourceTree = "<group>"; };
/* End PBXFileReference section */

/* Begin PBXFrameworksBuildPhase section */
		53D6FB8D227CE06400682D36 /* Frameworks */ = {
			isa = PBXFrameworksBuildPhase;
			buildActionMask = 2147483647;
			files = (
			);
			runOnlyForDeploymentPostprocessing = 0;
		};
/* End PBXFrameworksBuildPhase section */

/* Begin PBXGroup section */
		534295C5227D7AEF0008C596 /* Screenshots */ = {
			isa = PBXGroup;
			children = (
				535E2C7022814DF600B47503 /* ManyCards.png */,
				535E2C7122814DF600B47503 /* NewGame.png */,
				535E2C7222814DF600B47503 /* ScoreUpdate.png */,
				535E2C6F22814DF600B47503 /* SelectedSet.png */,
			);
			path = Screenshots;
			sourceTree = "<group>";
		};
		535E2C6222800E6200B47503 /* View */ = {
			isa = PBXGroup;
			children = (
				535E2C6322800EA600B47503 /* SetCardView.swift */,
				535E2C6B2280C1BA00B47503 /* SetCardCollectionViewCell.swift */,
				535E2C6D2280C6B600B47503 /* GridFlowLayout.swift */,
				53B7F19422B9C10A00B7B627 /* ReplaceSegue.swift */,
			);
			path = View;
			sourceTree = "<group>";
		};
		53B7F18922B96D4500B7B627 /* Controller */ = {
			isa = PBXGroup;
			children = (
				53D6FB95227CE06400682D36 /* ViewController.swift */,
				53B7F18A22B96D6900B7B627 /* MenuViewController.swift */,
				53B7F18E22B9846800B7B627 /* SignInViewController.swift */,
				53B7F19022B9847700B7B627 /* SignUpViewController.swift */,
				53B7F19222B984CB00B7B627 /* WelcomeViewController.swift */,
			);
			path = Controller;
			sourceTree = "<group>";
		};
		53D6FB87227CE06400682D36 = {
			isa = PBXGroup;
			children = (
				53D6FB92227CE06400682D36 /* SetGame */,
				53D6FB91227CE06400682D36 /* Products */,
			);
			sourceTree = "<group>";
		};
		53D6FB91227CE06400682D36 /* Products */ = {
			isa = PBXGroup;
			children = (
				53D6FB90227CE06400682D36 /* SetGame.app */,
			);
			name = Products;
			sourceTree = "<group>";
		};
		53D6FB92227CE06400682D36 /* SetGame */ = {
			isa = PBXGroup;
			children = (
				53D6FBA6227CE0A800682D36 /* Model */,
				535E2C6222800E6200B47503 /* View */,
				53B7F18922B96D4500B7B627 /* Controller */,
				53D6FB97227CE06400682D36 /* Main.storyboard */,
				53D6FB9A227CE06500682D36 /* Assets.xcassets */,
				53D6FBA5227CE07B00682D36 /* Supporting Files */,
				53D6FB9F227CE06500682D36 /* Info.plist */,
			);
			path = SetGame;
			sourceTree = "<group>";
		};
		53D6FBA5227CE07B00682D36 /* Supporting Files */ = {
			isa = PBXGroup;
			children = (
				534295C5227D7AEF0008C596 /* Screenshots */,
				53D6FB93227CE06400682D36 /* AppDelegate.swift */,
				53D6FB9C227CE06500682D36 /* LaunchScreen.storyboard */,
			);
			path = "Supporting Files";
			sourceTree = "<group>";
		};
		53D6FBA6227CE0A800682D36 /* Model */ = {
			isa = PBXGroup;
			children = (
				53D6FBA7227CE0BE00682D36 /* Card.swift */,
				53D6FBA9227CE30600682D36 /* Set.swift */,
			);
			path = Model;
			sourceTree = "<group>";
		};
/* End PBXGroup section */

/* Begin PBXNativeTarget section */
		53D6FB8F227CE06400682D36 /* SetGame */ = {
			isa = PBXNativeTarget;
			buildConfigurationList = 53D6FBA2227CE06500682D36 /* Build configuration list for PBXNativeTarget "SetGame" */;
			buildPhases = (
				53D6FB8C227CE06400682D36 /* Sources */,
				53D6FB8D227CE06400682D36 /* Frameworks */,
				53D6FB8E227CE06400682D36 /* Resources */,
			);
			buildRules = (
			);
			dependencies = (
			);
			name = SetGame;
			productName = SetGame;
			productReference = 53D6FB90227CE06400682D36 /* SetGame.app */;
			productType = "com.apple.product-type.application";
		};
/* End PBXNativeTarget section */

/* Begin PBXProject section */
		53D6FB88227CE06400682D36 /* Project object */ = {
			isa = PBXProject;
			attributes = {
				LastSwiftUpdateCheck = 1020;
				LastUpgradeCheck = 1020;
				ORGANIZATIONNAME = "Chris Aguilera";
				TargetAttributes = {
					53D6FB8F227CE06400682D36 = {
						CreatedOnToolsVersion = 10.2.1;
					};
				};
			};
			buildConfigurationList = 53D6FB8B227CE06400682D36 /* Build configuration list for PBXProject "SetGame" */;
			compatibilityVersion = "Xcode 9.3";
			developmentRegion = en;
			hasScannedForEncodings = 0;
			knownRegions = (
				en,
				Base,
			);
			mainGroup = 53D6FB87227CE06400682D36;
			productRefGroup = 53D6FB91227CE06400682D36 /* Products */;
			projectDirPath = "";
			projectRoot = "";
			targets = (
				53D6FB8F227CE06400682D36 /* SetGame */,
			);
		};
/* End PBXProject section */

/* Begin PBXResourcesBuildPhase section */
		53D6FB8E227CE06400682D36 /* Resources */ = {
			isa = PBXResourcesBuildPhase;
			buildActionMask = 2147483647;
			files = (
				535E2C7522814DF600B47503 /* NewGame.png in Resources */,
				53D6FB9E227CE06500682D36 /* LaunchScreen.storyboard in Resources */,
				53D6FB9B227CE06500682D36 /* Assets.xcassets in Resources */,
				535E2C7622814DF600B47503 /* ScoreUpdate.png in Resources */,
				53D6FB99227CE06400682D36 /* Main.storyboard in Resources */,
				535E2C7422814DF600B47503 /* ManyCards.png in Resources */,
				535E2C7322814DF600B47503 /* SelectedSet.png in Resources */,
			);
			runOnlyForDeploymentPostprocessing = 0;
		};
/* End PBXResourcesBuildPhase section */

/* Begin PBXSourcesBuildPhase section */
		53D6FB8C227CE06400682D36 /* Sources */ = {
			isa = PBXSourcesBuildPhase;
			buildActionMask = 2147483647;
			files = (
				53D6FBAA227CE30600682D36 /* Set.swift in Sources */,
				535E2C6422800EA600B47503 /* SetCardView.swift in Sources */,
				53B7F19522B9C10A00B7B627 /* ReplaceSegue.swift in Sources */,
				53B7F19322B984CB00B7B627 /* WelcomeViewController.swift in Sources */,
				535E2C6C2280C1BA00B47503 /* SetCardCollectionViewCell.swift in Sources */,
				53D6FB96227CE06400682D36 /* ViewController.swift in Sources */,
				53B7F19122B9847700B7B627 /* SignUpViewController.swift in Sources */,
				535E2C6E2280C6B600B47503 /* GridFlowLayout.swift in Sources */,
				53B7F18F22B9846800B7B627 /* SignInViewController.swift in Sources */,
				53D6FBA8227CE0BE00682D36 /* Card.swift in Sources */,
				53D6FB94227CE06400682D36 /* AppDelegate.swift in Sources */,
				53B7F18B22B96D6900B7B627 /* MenuViewController.swift in Sources */,
			);
			runOnlyForDeploymentPostprocessing = 0;
		};
/* End PBXSourcesBuildPhase section */

/* Begin PBXVariantGroup section */
		53D6FB97227CE06400682D36 /* Main.storyboard */ = {
			isa = PBXVariantGroup;
			children = (
				53D6FB98227CE06400682D36 /* Base */,
			);
			name = Main.storyboard;
			sourceTree = "<group>";
		};
		53D6FB9C227CE06500682D36 /* LaunchScreen.storyboard */ = {
			isa = PBXVariantGroup;
			children = (
				53D6FB9D227CE06500682D36 /* Base */,
			);
			name = LaunchScreen.storyboard;
			sourceTree = "<group>";
		};
/* End PBXVariantGroup section */

/* Begin XCBuildConfiguration section */
		53D6FBA0227CE06500682D36 /* Debug */ = {
			isa = XCBuildConfiguration;
			buildSettings = {
				ALWAYS_SEARCH_USER_PATHS = NO;
				CLANG_ANALYZER_NONNULL = YES;
				CLANG_ANALYZER_NUMBER_OBJECT_CONVERSION = YES_AGGRESSIVE;
				CLANG_CXX_LANGUAGE_STANDARD = "gnu++14";
				CLANG_CXX_LIBRARY = "libc++";
				CLANG_ENABLE_MODULES = YES;
				CLANG_ENABLE_OBJC_ARC = YES;
				CLANG_ENABLE_OBJC_WEAK = YES;
				CLANG_WARN_BLOCK_CAPTURE_AUTORELEASING = YES;
				CLANG_WARN_BOOL_CONVERSION = YES;
				CLANG_WARN_COMMA = YES;
				CLANG_WARN_CONSTANT_CONVERSION = YES;
				CLANG_WARN_DEPRECATED_OBJC_IMPLEMENTATIONS = YES;
				CLANG_WARN_DIRECT_OBJC_ISA_USAGE = YES_ERROR;
				CLANG_WARN_DOCUMENTATION_COMMENTS = YES;
				CLANG_WARN_EMPTY_BODY = YES;
				CLANG_WARN_ENUM_CONVERSION = YES;
				CLANG_WARN_INFINITE_RECURSION = YES;
				CLANG_WARN_INT_CONVERSION = YES;
				CLANG_WARN_NON_LITERAL_NULL_CONVERSION = YES;
				CLANG_WARN_OBJC_IMPLICIT_RETAIN_SELF = YES;
				CLANG_WARN_OBJC_LITERAL_CONVERSION = YES;
				CLANG_WARN_OBJC_ROOT_CLASS = YES_ERROR;
				CLANG_WARN_RANGE_LOOP_ANALYSIS = YES;
				CLANG_WARN_STRICT_PROTOTYPES = YES;
				CLANG_WARN_SUSPICIOUS_MOVE = YES;
				CLANG_WARN_UNGUARDED_AVAILABILITY = YES_AGGRESSIVE;
				CLANG_WARN_UNREACHABLE_CODE = YES;
				CLANG_WARN__DUPLICATE_METHOD_MATCH = YES;
				CODE_SIGN_IDENTITY = "iPhone Developer";
				COPY_PHASE_STRIP = NO;
				DEBUG_INFORMATION_FORMAT = dwarf;
				ENABLE_STRICT_OBJC_MSGSEND = YES;
				ENABLE_TESTABILITY = YES;
				GCC_C_LANGUAGE_STANDARD = gnu11;
				GCC_DYNAMIC_NO_PIC = NO;
				GCC_NO_COMMON_BLOCKS = YES;
				GCC_OPTIMIZATION_LEVEL = 0;
				GCC_PREPROCESSOR_DEFINITIONS = (
					"DEBUG=1",
					"$(inherited)",
				);
				GCC_WARN_64_TO_32_BIT_CONVERSION = YES;
				GCC_WARN_ABOUT_RETURN_TYPE = YES_ERROR;
				GCC_WARN_UNDECLARED_SELECTOR = YES;
				GCC_WARN_UNINITIALIZED_AUTOS = YES_AGGRESSIVE;
				GCC_WARN_UNUSED_FUNCTION = YES;
				GCC_WARN_UNUSED_VARIABLE = YES;
				IPHONEOS_DEPLOYMENT_TARGET = 12.2;
				MTL_ENABLE_DEBUG_INFO = INCLUDE_SOURCE;
				MTL_FAST_MATH = YES;
				ONLY_ACTIVE_ARCH = YES;
				SDKROOT = iphoneos;
				SWIFT_ACTIVE_COMPILATION_CONDITIONS = DEBUG;
				SWIFT_OPTIMIZATION_LEVEL = "-Onone";
			};
			name = Debug;
		};
		53D6FBA1227CE06500682D36 /* Release */ = {
			isa = XCBuildConfiguration;
			buildSettings = {
				ALWAYS_SEARCH_USER_PATHS = NO;
				CLANG_ANALYZER_NONNULL = YES;
				CLANG_ANALYZER_NUMBER_OBJECT_CONVERSION = YES_AGGRESSIVE;
				CLANG_CXX_LANGUAGE_STANDARD = "gnu++14";
				CLANG_CXX_LIBRARY = "libc++";
				CLANG_ENABLE_MODULES = YES;
				CLANG_ENABLE_OBJC_ARC = YES;
				CLANG_ENABLE_OBJC_WEAK = YES;
				CLANG_WARN_BLOCK_CAPTURE_AUTORELEASING = YES;
				CLANG_WARN_BOOL_CONVERSION = YES;
				CLANG_WARN_COMMA = YES;
				CLANG_WARN_CONSTANT_CONVERSION = YES;
				CLANG_WARN_DEPRECATED_OBJC_IMPLEMENTATIONS = YES;
				CLANG_WARN_DIRECT_OBJC_ISA_USAGE = YES_ERROR;
				CLANG_WARN_DOCUMENTATION_COMMENTS = YES;
				CLANG_WARN_EMPTY_BODY = YES;
				CLANG_WARN_ENUM_CONVERSION = YES;
				CLANG_WARN_INFINITE_RECURSION = YES;
				CLANG_WARN_INT_CONVERSION = YES;
				CLANG_WARN_NON_LITERAL_NULL_CONVERSION = YES;
				CLANG_WARN_OBJC_IMPLICIT_RETAIN_SELF = YES;
				CLANG_WARN_OBJC_LITERAL_CONVERSION = YES;
				CLANG_WARN_OBJC_ROOT_CLASS = YES_ERROR;
				CLANG_WARN_RANGE_LOOP_ANALYSIS = YES;
				CLANG_WARN_STRICT_PROTOTYPES = YES;
				CLANG_WARN_SUSPICIOUS_MOVE = YES;
				CLANG_WARN_UNGUARDED_AVAILABILITY = YES_AGGRESSIVE;
				CLANG_WARN_UNREACHABLE_CODE = YES;
				CLANG_WARN__DUPLICATE_METHOD_MATCH = YES;
				CODE_SIGN_IDENTITY = "iPhone Developer";
				COPY_PHASE_STRIP = NO;
				DEBUG_INFORMATION_FORMAT = "dwarf-with-dsym";
				ENABLE_NS_ASSERTIONS = NO;
				ENABLE_STRICT_OBJC_MSGSEND = YES;
				GCC_C_LANGUAGE_STANDARD = gnu11;
				GCC_NO_COMMON_BLOCKS = YES;
				GCC_WARN_64_TO_32_BIT_CONVERSION = YES;
				GCC_WARN_ABOUT_RETURN_TYPE = YES_ERROR;
				GCC_WARN_UNDECLARED_SELECTOR = YES;
				GCC_WARN_UNINITIALIZED_AUTOS = YES_AGGRESSIVE;
				GCC_WARN_UNUSED_FUNCTION = YES;
				GCC_WARN_UNUSED_VARIABLE = YES;
				IPHONEOS_DEPLOYMENT_TARGET = 12.2;
				MTL_ENABLE_DEBUG_INFO = NO;
				MTL_FAST_MATH = YES;
				SDKROOT = iphoneos;
				SWIFT_COMPILATION_MODE = wholemodule;
				SWIFT_OPTIMIZATION_LEVEL = "-O";
				VALIDATE_PRODUCT = YES;
			};
			name = Release;
		};
		53D6FBA3227CE06500682D36 /* Debug */ = {
			isa = XCBuildConfiguration;
			buildSettings = {
				ASSETCATALOG_COMPILER_APPICON_NAME = AppIcon;
				CODE_SIGN_STYLE = Automatic;
				DEVELOPMENT_TEAM = UW8Z5PY8LH;
				INFOPLIST_FILE = SetGame/Info.plist;
				IPHONEOS_DEPLOYMENT_TARGET = 12.0;
				LD_RUNPATH_SEARCH_PATHS = (
					"$(inherited)",
					"@executable_path/Frameworks",
				);
				PRODUCT_BUNDLE_IDENTIFIER = chrisaguilera.SetGame;
				PRODUCT_NAME = "$(TARGET_NAME)";
				SWIFT_VERSION = 5.0;
				TARGETED_DEVICE_FAMILY = "1,2";
			};
			name = Debug;
		};
		53D6FBA4227CE06500682D36 /* Release */ = {
			isa = XCBuildConfiguration;
			buildSettings = {
				ASSETCATALOG_COMPILER_APPICON_NAME = AppIcon;
				CODE_SIGN_STYLE = Automatic;
				DEVELOPMENT_TEAM = UW8Z5PY8LH;
				INFOPLIST_FILE = SetGame/Info.plist;
				IPHONEOS_DEPLOYMENT_TARGET = 12.0;
				LD_RUNPATH_SEARCH_PATHS = (
					"$(inherited)",
					"@executable_path/Frameworks",
				);
				PRODUCT_BUNDLE_IDENTIFIER = chrisaguilera.SetGame;
				PRODUCT_NAME = "$(TARGET_NAME)";
				SWIFT_VERSION = 5.0;
				TARGETED_DEVICE_FAMILY = "1,2";
			};
			name = Release;
		};
/* End XCBuildConfiguration section */

/* Begin XCConfigurationList section */
		53D6FB8B227CE06400682D36 /* Build configuration list for PBXProject "SetGame" */ = {
			isa = XCConfigurationList;
			buildConfigurations = (
				53D6FBA0227CE06500682D36 /* Debug */,
				53D6FBA1227CE06500682D36 /* Release */,
			);
			defaultConfigurationIsVisible = 0;
			defaultConfigurationName = Release;
		};
		53D6FBA2227CE06500682D36 /* Build configuration list for PBXNativeTarget "SetGame" */ = {
			isa = XCConfigurationList;
			buildConfigurations = (
				53D6FBA3227CE06500682D36 /* Debug */,
				53D6FBA4227CE06500682D36 /* Release */,
			);
			defaultConfigurationIsVisible = 0;
			defaultConfigurationName = Release;
		};
/* End XCConfigurationList section */
	};
	rootObject = 53D6FB88227CE06400682D36 /* Project object */;
}
